
Microsoft Visual Studio Solution File, Format Version 12.00
# Visual Studio Version 17
VisualStudioVersion = 17.12.35707.178 d17.12
MinimumVisualStudioVersion = 10.0.40219.1
Project("{FAE04EC0-301F-11D3-BF4B-00C04F79EFBC}") = "AgriConnect.Mobile", "AgriConnect.Mobile\AgriConnect.Mobile.csproj", "{63455974-6628-47A1-A7D0-AA0BA1D89A20}"
EndProject
Project("{FAE04EC0-301F-11D3-BF4B-00C04F79EFBC}") = "AgriConnect.Shared", "AgriConnect.Shared\AgriConnect.Shared.csproj", "{E30A6A2E-6286-439E-99B8-FBDC7F3BC8A9}"
EndProject
Project("{F2A71F9B-5D33-465A-A702-920D77279786}") = "AgriConnect.Web", "AgriConnect.Web\AgriConnect.Web.fsproj", "{192EFA10-AED7-4360-9142-3085741ACF54}"
EndProject
Global
	GlobalSection(SolutionConfigurationPlatforms) = preSolution
		Debug|Any CPU = Debug|Any CPU
		Release|Any CPU = Release|Any CPU
	EndGlobalSection
	GlobalSection(ProjectConfigurationPlatforms) = postSolution
		{63455974-6628-47A1-A7D0-AA0BA1D89A20}.Debug|Any CPU.ActiveCfg = Debug|Any CPU
		{63455974-6628-47A1-A7D0-AA0BA1D89A20}.Debug|Any CPU.Build.0 = Debug|Any CPU
		{63455974-6628-47A1-A7D0-AA0BA1D89A20}.Release|Any CPU.ActiveCfg = Release|Any CPU
		{63455974-6628-47A1-A7D0-AA0BA1D89A20}.Release|Any CPU.Build.0 = Release|Any CPU
		{E30A6A2E-6286-439E-99B8-FBDC7F3BC8A9}.Debug|Any CPU.ActiveCfg = Debug|Any CPU
		{E30A6A2E-6286-439E-99B8-FBDC7F3BC8A9}.Debug|Any CPU.Build.0 = Debug|Any CPU
		{E30A6A2E-6286-439E-99B8-FBDC7F3BC8A9}.Release|Any CPU.ActiveCfg = Release|Any CPU
		{E30A6A2E-6286-439E-99B8-FBDC7F3BC8A9}.Release|Any CPU.Build.0 = Release|Any CPU
		{192EFA10-AED7-4360-9142-3085741ACF54}.Debug|Any CPU.ActiveCfg = Debug|Any CPU
		{192EFA10-AED7-4360-9142-3085741ACF54}.Debug|Any CPU.Build.0 = Debug|Any CPU
		{192EFA10-AED7-4360-9142-3085741ACF54}.Release|Any CPU.ActiveCfg = Release|Any CPU
		{192EFA10-AED7-4360-9142-3085741ACF54}.Release|Any CPU.Build.0 = Release|Any CPU
	EndGlobalSection
	GlobalSection(SolutionProperties) = preSolution
		HideSolutionNode = FALSE
	EndGlobalSection
EndGlobal
